
Microsoft Visual Studio Solution File, Format Version 11.00
# Visual Studio 2010
Project("{FAE04EC0-301F-11D3-BF4B-00C04F79EFBC}") = "Student_Management_System", "Student_Management_System.csproj", "{3E757114-AD9D-464F-A377-11F3DF52DB82}"
EndProject
Global
	GlobalSection(SolutionConfigurationPlatforms) = preSolution
		Debug|x86 = Debug|x86
		Release|x86 = Release|x86
	EndGlobalSection
	GlobalSection(ProjectConfigurationPlatforms) = postSolution
		{3E757114-AD9D-464F-A377-11F3DF52DB82}.Debug|x86.ActiveCfg = Debug|x86
		{3E757114-AD9D-464F-A377-11F3DF52DB82}.Debug|x86.Build.0 = Debug|x86
		{3E757114-AD9D-464F-A377-11F3DF52DB82}.Release|x86.ActiveCfg = Release|x86
		{3E757114-AD9D-464F-A377-11F3DF52DB82}.Release|x86.Build.0 = Release|x86
	EndGlobalSection
	GlobalSection(MonoDevelopProperties) = preSolution
		StartupItem = Student_Management_System.csproj
	EndGlobalSection
EndGlobal
